{
  "name": "SmartBand_BLE_OFFILINE_MODE",
  "lockfileVersion": 3,
  "requires": true,
  "packages": {
    "": {
      "dependencies": {
        "@ionic-native/background-geolocation": "^5.36.0",
        "@ionic/storage": "^4.0.0",
        "@ionic/storage-angular": "^4.0.0"
      }
    },
    "node_modules/@angular/core": {
      "version": "19.0.3",
      "resolved": "https://registry.npmjs.org/@angular/core/-/core-19.0.3.tgz",
      "integrity": "sha512-WM844gDzrbHtcM2TJB9DmfCmenUYyNSI6h924CeppDW5oG8ShinQGiWNjF5oI6EZ4tG60uK3QvCm3kjr1dmbOA==",
      "license": "MIT",
      "peer": true,
      "dependencies": {
        "tslib": "^2.3.0"
      },
      "engines": {
        "node": "^18.19.1 || ^20.11.1 || >=22.0.0"
      },
      "peerDependencies": {
        "rxjs": "^6.5.3 || ^7.4.0",
        "zone.js": "~0.15.0"
      }
    },
    "node_modules/@angular/core/node_modules/tslib": {
      "version": "2.8.1",
      "resolved": "https://registry.npmjs.org/tslib/-/tslib-2.8.1.tgz",
      "integrity": "sha512-oJFu94HQb+KVduSUQL7wnpmqnfmLsOA/nAh6b6EH0wCEoK0/mPeXU6c3wKDV83MkOuHPRHtSXKKU99IBazS/2w==",
      "license": "0BSD",
      "peer": true
    },
    "node_modules/@ionic-native/background-geolocation": {
      "version": "5.36.0",
      "resolved": "https://registry.npmjs.org/@ionic-native/background-geolocation/-/background-geolocation-5.36.0.tgz",
      "integrity": "sha512-QTIWqxy1sIcD4D0RM/XBBFByAz3CjADzPU+q2ly7TfUSkSehRDWSawDYlsgHOlNmNbqX+OtJzWcZUlNs3CeZcA==",
      "license": "MIT",
      "dependencies": {
        "@types/cordova": "latest"
      },
      "peerDependencies": {
        "@ionic-native/core": "^5.1.0",
        "rxjs": "^5.5.0 || ^6.5.0"
      }
    },
    "node_modules/@ionic-native/core": {
      "version": "5.36.0",
      "resolved": "https://registry.npmjs.org/@ionic-native/core/-/core-5.36.0.tgz",
      "integrity": "sha512-lOrkktadlKYbYf1LrDyAtsu1JnQ0oCCdkOU7iHQ8oXnNOkMwobFfD2m62F1CoOr0u9LIkpYnZSPjng8lZbmbNw==",
      "license": "MIT",
      "peer": true,
      "dependencies": {
        "@types/cordova": "latest"
      },
      "peerDependencies": {
        "rxjs": "^5.5.0 || ^6.5.0"
      }
    },
    "node_modules/@ionic/storage": {
      "version": "4.0.0",
      "resolved": "https://registry.npmjs.org/@ionic/storage/-/storage-4.0.0.tgz",
      "integrity": "sha512-3N21P19Xk6cICLnSXZ3ilRqbSXAGSFeIF3HNqz+1kARcm0UFT/vwmZreaXtFyq437vvEWOfJ2enlj3JHLKS0FA==",
      "license": "MIT",
      "dependencies": {
        "localforage": "^1.9.0"
      }
    },
    "node_modules/@ionic/storage-angular": {
      "version": "4.0.0",
      "resolved": "https://registry.npmjs.org/@ionic/storage-angular/-/storage-angular-4.0.0.tgz",
      "integrity": "sha512-FeSmCMCm1bMRfu5TFSqLtjdfEo/dLLUhLIrPmbhSYomVZdV/dNn4mBZv9SabyxSqn4bF31hw40y+4buhG+durQ==",
      "license": "MIT",
      "dependencies": {
        "@ionic/storage": "^4.0.0",
        "tslib": "^2.3.0"
      },
      "peerDependencies": {
        "@angular/core": "*",
        "rxjs": "*"
      }
    },
    "node_modules/@ionic/storage-angular/node_modules/tslib": {
      "version": "2.8.1",
      "resolved": "https://registry.npmjs.org/tslib/-/tslib-2.8.1.tgz",
      "integrity": "sha512-oJFu94HQb+KVduSUQL7wnpmqnfmLsOA/nAh6b6EH0wCEoK0/mPeXU6c3wKDV83MkOuHPRHtSXKKU99IBazS/2w==",
      "license": "0BSD"
    },
    "node_modules/@types/cordova": {
      "version": "11.0.3",
      "resolved": "https://registry.npmjs.org/@types/cordova/-/cordova-11.0.3.tgz",
      "integrity": "sha512-kyuRQ40/NWQVhqGIHq78Ehu2Bf9Mlg0LhmSmis6ZFJK7z933FRfYi8tHe/k/0fB+PGfCf95rJC6TO7dopaFvAg==",
      "license": "MIT"
    },
    "node_modules/immediate": {
      "version": "3.0.6",
      "resolved": "https://registry.npmjs.org/immediate/-/immediate-3.0.6.tgz",
      "integrity": "sha512-XXOFtyqDjNDAQxVfYxuF7g9Il/IbWmmlQg2MYKOH8ExIT1qg6xc4zyS3HaEEATgs1btfzxq15ciUiY7gjSXRGQ==",
      "license": "MIT"
    },
    "node_modules/lie": {
      "version": "3.1.1",
      "resolved": "https://registry.npmjs.org/lie/-/lie-3.1.1.tgz",
      "integrity": "sha512-RiNhHysUjhrDQntfYSfY4MU24coXXdEOgw9WGcKHNeEwffDYbF//u87M1EWaMGzuFoSbqW0C9C6lEEhDOAswfw==",
      "license": "MIT",
      "dependencies": {
        "immediate": "~3.0.5"
      }
    },
    "node_modules/localforage": {
      "version": "1.10.0",
      "resolved": "https://registry.npmjs.org/localforage/-/localforage-1.10.0.tgz",
      "integrity": "sha512-14/H1aX7hzBBmmh7sGPd+AOMkkIrHM3Z1PAyGgZigA1H1p5O5ANnMyWzvpAETtG68/dC4pC0ncy3+PPGzXZHPg==",
      "license": "Apache-2.0",
      "dependencies": {
        "lie": "3.1.1"
      }
    },
    "node_modules/rxjs": {
      "version": "6.6.7",
      "resolved": "https://registry.npmjs.org/rxjs/-/rxjs-6.6.7.tgz",
      "integrity": "sha512-hTdwr+7yYNIT5n4AMYp85KA6yw2Va0FLa3Rguvbpa4W3I5xynaBZo41cM3XM+4Q6fRMj3sBYIR1VAmZMXYJvRQ==",
      "license": "Apache-2.0",
      "peer": true,
      "dependencies": {
        "tslib": "^1.9.0"
      },
      "engines": {
        "npm": ">=2.0.0"
      }
    },
    "node_modules/tslib": {
      "version": "1.14.1",
      "resolved": "https://registry.npmjs.org/tslib/-/tslib-1.14.1.tgz",
      "integrity": "sha512-Xni35NKzjgMrwevysHTCArtLDpPvye8zV/0E4EyYn43P7/7qvQwPh9BGkHewbMulVntbigmcT7rdX3BNo9wRJg==",
      "license": "0BSD",
      "peer": true
    },
    "node_modules/zone.js": {
      "version": "0.15.0",
      "resolved": "https://registry.npmjs.org/zone.js/-/zone.js-0.15.0.tgz",
      "integrity": "sha512-9oxn0IIjbCZkJ67L+LkhYWRyAy7axphb3VgE2MBDlOqnmHMPWGYMxJxBYFueFq/JGY2GMwS0rU+UCLunEmy5UA==",
      "license": "MIT",
      "peer": true
    }
  }
}
